
Microsoft Visual Studio Solution File, Format Version 12.00
# Visual Studio Version 17
VisualStudioVersion = 17.8.34511.84
MinimumVisualStudioVersion = 10.0.40219.1
Project("{9A19103F-16F7-4668-BE54-9A1E7A4F7556}") = "DZ3_Naumov", "ProgramModuleHW3\DZ3_Naumov.csproj", "{C8009311-0BFB-48E1-99C9-9973A40BE2B0}"
EndProject
Global
	GlobalSection(SolutionConfigurationPlatforms) = preSolution
		Debug|Any CPU = Debug|Any CPU
		Release|Any CPU = Release|Any CPU
	EndGlobalSection
	GlobalSection(ProjectConfigurationPlatforms) = postSolution
		{C8009311-0BFB-48E1-99C9-9973A40BE2B0}.Debug|Any CPU.ActiveCfg = Debug|Any CPU
		{C8009311-0BFB-48E1-99C9-9973A40BE2B0}.Debug|Any CPU.Build.0 = Debug|Any CPU
		{C8009311-0BFB-48E1-99C9-9973A40BE2B0}.Release|Any CPU.ActiveCfg = Release|Any CPU
		{C8009311-0BFB-48E1-99C9-9973A40BE2B0}.Release|Any CPU.Build.0 = Release|Any CPU
	EndGlobalSection
	GlobalSection(SolutionProperties) = preSolution
		HideSolutionNode = FALSE
	EndGlobalSection
	GlobalSection(ExtensibilityGlobals) = postSolution
		SolutionGuid = {4868C83A-6974-478A-8F27-750FD5595699}
	EndGlobalSection
EndGlobal
